
Microsoft Visual Studio Solution File, Format Version 12.00
# Visual Studio Version 17
VisualStudioVersion = 17.3.32825.248
MinimumVisualStudioVersion = 10.0.40219.1
Project("{9A19103F-16F7-4668-BE54-9A1E7A4F7556}") = "CMSClone.Server", "CMSClone\Server\CMSClone.Server.csproj", "{A2379C53-2FC5-4134-99E7-4B5AFE03B10B}"
EndProject
Project("{9A19103F-16F7-4668-BE54-9A1E7A4F7556}") = "CMSClone.Client", "CMSClone\Client\CMSClone.Client.csproj", "{62BF2EC8-8CB0-4809-B64B-17832AD56B53}"
EndProject
Project("{9A19103F-16F7-4668-BE54-9A1E7A4F7556}") = "CMSClone.Shared", "CMSClone\Shared\CMSClone.Shared.csproj", "{ECD9FC65-A700-40A1-A955-5C426F8C8C3D}"
EndProject
Global
	GlobalSection(SolutionConfigurationPlatforms) = preSolution
		Debug|Any CPU = Debug|Any CPU
		Release|Any CPU = Release|Any CPU
	EndGlobalSection
	GlobalSection(ProjectConfigurationPlatforms) = postSolution
		{A2379C53-2FC5-4134-99E7-4B5AFE03B10B}.Debug|Any CPU.ActiveCfg = Debug|Any CPU
		{A2379C53-2FC5-4134-99E7-4B5AFE03B10B}.Debug|Any CPU.Build.0 = Debug|Any CPU
		{A2379C53-2FC5-4134-99E7-4B5AFE03B10B}.Release|Any CPU.ActiveCfg = Release|Any CPU
		{A2379C53-2FC5-4134-99E7-4B5AFE03B10B}.Release|Any CPU.Build.0 = Release|Any CPU
		{62BF2EC8-8CB0-4809-B64B-17832AD56B53}.Debug|Any CPU.ActiveCfg = Debug|Any CPU
		{62BF2EC8-8CB0-4809-B64B-17832AD56B53}.Debug|Any CPU.Build.0 = Debug|Any CPU
		{62BF2EC8-8CB0-4809-B64B-17832AD56B53}.Release|Any CPU.ActiveCfg = Release|Any CPU
		{62BF2EC8-8CB0-4809-B64B-17832AD56B53}.Release|Any CPU.Build.0 = Release|Any CPU
		{ECD9FC65-A700-40A1-A955-5C426F8C8C3D}.Debug|Any CPU.ActiveCfg = Debug|Any CPU
		{ECD9FC65-A700-40A1-A955-5C426F8C8C3D}.Debug|Any CPU.Build.0 = Debug|Any CPU
		{ECD9FC65-A700-40A1-A955-5C426F8C8C3D}.Release|Any CPU.ActiveCfg = Release|Any CPU
		{ECD9FC65-A700-40A1-A955-5C426F8C8C3D}.Release|Any CPU.Build.0 = Release|Any CPU
	EndGlobalSection
	GlobalSection(SolutionProperties) = preSolution
		HideSolutionNode = FALSE
	EndGlobalSection
	GlobalSection(ExtensibilityGlobals) = postSolution
		SolutionGuid = {CF812124-4F1D-481D-AEAD-5051B253FE30}
	EndGlobalSection
EndGlobal
